
Microsoft Visual Studio Solution File, Format Version 12.00
# Visual Studio Version 16
VisualStudioVersion = 16.0.29709.97
MinimumVisualStudioVersion = 10.0.40219.1
Project("{FAE04EC0-301F-11D3-BF4B-00C04F79EFBC}") = "SitemapTest", "SitemapTest\SitemapTest.csproj", "{15685214-42D2-47FC-946C-EFB6AF158BDF}"
EndProject
Global
	GlobalSection(SolutionConfigurationPlatforms) = preSolution
		Debug|Any CPU = Debug|Any CPU
		Release|Any CPU = Release|Any CPU
	EndGlobalSection
	GlobalSection(ProjectConfigurationPlatforms) = postSolution
		{15685214-42D2-47FC-946C-EFB6AF158BDF}.Debug|Any CPU.ActiveCfg = Debug|Any CPU
		{15685214-42D2-47FC-946C-EFB6AF158BDF}.Debug|Any CPU.Build.0 = Debug|Any CPU
		{15685214-42D2-47FC-946C-EFB6AF158BDF}.Release|Any CPU.ActiveCfg = Release|Any CPU
		{15685214-42D2-47FC-946C-EFB6AF158BDF}.Release|Any CPU.Build.0 = Release|Any CPU
	EndGlobalSection
	GlobalSection(SolutionProperties) = preSolution
		HideSolutionNode = FALSE
	EndGlobalSection
	GlobalSection(ExtensibilityGlobals) = postSolution
		SolutionGuid = {4E3E0120-89C2-4406-9329-7180172F748C}
	EndGlobalSection
EndGlobal
